
Microsoft Visual Studio Solution File, Format Version 12.00
# Visual Studio Version 17
VisualStudioVersion = 17.1.32414.318
MinimumVisualStudioVersion = 10.0.40219.1
Project("{2150E333-8FDC-42A3-9474-1A3956D46DE8}") = "Core", "Core", "{6BBC7284-D627-4B1D-9DE7-A268D185D7BE}"
EndProject
Project("{2150E333-8FDC-42A3-9474-1A3956D46DE8}") = "Infrastructure", "Infrastructure", "{444A9CC5-9BF0-4318-9694-6D42403EB7CC}"
EndProject
Project("{9A19103F-16F7-4668-BE54-9A1E7A4F7556}") = "KUSYS.Domain", "Core\KUSYS.Domain\KUSYS.Domain.csproj", "{4AE65B4E-E929-41AC-B026-3481E0984FB7}"
EndProject
Project("{9A19103F-16F7-4668-BE54-9A1E7A4F7556}") = "KUSYS.Application", "Core\KUSYS.Application\KUSYS.Application.csproj", "{4ADBBEA0-3DFA-4AE9-A158-A42A1499C83D}"
EndProject
Project("{9A19103F-16F7-4668-BE54-9A1E7A4F7556}") = "KUSYS.Persistence", "Infrastructure\KUSYS.Persistence\KUSYS.Persistence.csproj", "{86D3A977-A15C-471C-A572-B24320FE08B4}"
EndProject
Project("{2150E333-8FDC-42A3-9474-1A3956D46DE8}") = "Presentation", "Presentation", "{FB668337-ED5E-4C57-A9A0-EED3361242F0}"
EndProject
Project("{2150E333-8FDC-42A3-9474-1A3956D46DE8}") = "Test", "Test", "{9F21EC61-E12D-4B80-8F28-5D5AC354C065}"
EndProject
Project("{FAE04EC0-301F-11D3-BF4B-00C04F79EFBC}") = "KUSYS.Demo", "Presentation\KUSYS.Demo\KUSYS.Demo.csproj", "{7D2950EE-90BF-4ACF-9454-2D9432B1403D}"
EndProject
Project("{FAE04EC0-301F-11D3-BF4B-00C04F79EFBC}") = "KUSYS.UnitTest", "Test\KUSYS.UnitTest\KUSYS.UnitTest.csproj", "{FAAB3F94-D5B3-4F07-8B80-0662EC9D94B3}"
EndProject
Global
	GlobalSection(SolutionConfigurationPlatforms) = preSolution
		Debug|Any CPU = Debug|Any CPU
		Release|Any CPU = Release|Any CPU
	EndGlobalSection
	GlobalSection(ProjectConfigurationPlatforms) = postSolution
		{4AE65B4E-E929-41AC-B026-3481E0984FB7}.Debug|Any CPU.ActiveCfg = Debug|Any CPU
		{4AE65B4E-E929-41AC-B026-3481E0984FB7}.Debug|Any CPU.Build.0 = Debug|Any CPU
		{4AE65B4E-E929-41AC-B026-3481E0984FB7}.Release|Any CPU.ActiveCfg = Release|Any CPU
		{4AE65B4E-E929-41AC-B026-3481E0984FB7}.Release|Any CPU.Build.0 = Release|Any CPU
		{4ADBBEA0-3DFA-4AE9-A158-A42A1499C83D}.Debug|Any CPU.ActiveCfg = Debug|Any CPU
		{4ADBBEA0-3DFA-4AE9-A158-A42A1499C83D}.Debug|Any CPU.Build.0 = Debug|Any CPU
		{4ADBBEA0-3DFA-4AE9-A158-A42A1499C83D}.Release|Any CPU.ActiveCfg = Release|Any CPU
		{4ADBBEA0-3DFA-4AE9-A158-A42A1499C83D}.Release|Any CPU.Build.0 = Release|Any CPU
		{86D3A977-A15C-471C-A572-B24320FE08B4}.Debug|Any CPU.ActiveCfg = Debug|Any CPU
		{86D3A977-A15C-471C-A572-B24320FE08B4}.Debug|Any CPU.Build.0 = Debug|Any CPU
		{86D3A977-A15C-471C-A572-B24320FE08B4}.Release|Any CPU.ActiveCfg = Release|Any CPU
		{86D3A977-A15C-471C-A572-B24320FE08B4}.Release|Any CPU.Build.0 = Release|Any CPU
		{7D2950EE-90BF-4ACF-9454-2D9432B1403D}.Debug|Any CPU.ActiveCfg = Debug|Any CPU
		{7D2950EE-90BF-4ACF-9454-2D9432B1403D}.Debug|Any CPU.Build.0 = Debug|Any CPU
		{7D2950EE-90BF-4ACF-9454-2D9432B1403D}.Release|Any CPU.ActiveCfg = Release|Any CPU
		{7D2950EE-90BF-4ACF-9454-2D9432B1403D}.Release|Any CPU.Build.0 = Release|Any CPU
		{FAAB3F94-D5B3-4F07-8B80-0662EC9D94B3}.Debug|Any CPU.ActiveCfg = Debug|Any CPU
		{FAAB3F94-D5B3-4F07-8B80-0662EC9D94B3}.Debug|Any CPU.Build.0 = Debug|Any CPU
		{FAAB3F94-D5B3-4F07-8B80-0662EC9D94B3}.Release|Any CPU.ActiveCfg = Release|Any CPU
		{FAAB3F94-D5B3-4F07-8B80-0662EC9D94B3}.Release|Any CPU.Build.0 = Release|Any CPU
	EndGlobalSection
	GlobalSection(SolutionProperties) = preSolution
		HideSolutionNode = FALSE
	EndGlobalSection
	GlobalSection(NestedProjects) = preSolution
		{4AE65B4E-E929-41AC-B026-3481E0984FB7} = {6BBC7284-D627-4B1D-9DE7-A268D185D7BE}
		{4ADBBEA0-3DFA-4AE9-A158-A42A1499C83D} = {6BBC7284-D627-4B1D-9DE7-A268D185D7BE}
		{86D3A977-A15C-471C-A572-B24320FE08B4} = {444A9CC5-9BF0-4318-9694-6D42403EB7CC}
		{7D2950EE-90BF-4ACF-9454-2D9432B1403D} = {FB668337-ED5E-4C57-A9A0-EED3361242F0}
		{FAAB3F94-D5B3-4F07-8B80-0662EC9D94B3} = {9F21EC61-E12D-4B80-8F28-5D5AC354C065}
	EndGlobalSection
	GlobalSection(ExtensibilityGlobals) = postSolution
		SolutionGuid = {3C5E6880-717A-4C9F-BBFD-8621EF9780FA}
	EndGlobalSection
EndGlobal
